// !$*UTF8*$!
{
	archiveVersion = 1;
	classes = {
	};
	objectVersion = 46;
	objects = {

/* Begin PBXBuildFile section */
		9B4BF0301F0139CD00070562 /* AppDelegate.swift in Sources */ = {isa = PBXBuildFile; fileRef = 9B4BF02F1F0139CD00070562 /* AppDelegate.swift */; };
		9B4BF0321F0139CD00070562 /* ViewController.swift in Sources */ = {isa = PBXBuildFile; fileRef = 9B4BF0311F0139CD00070562 /* ViewController.swift */; };
		9B4BF0351F0139CD00070562 /* Main.storyboard in Resources */ = {isa = PBXBuildFile; fileRef = 9B4BF0331F0139CD00070562 /* Main.storyboard */; };
		9B4BF0371F0139CD00070562 /* Assets.xcassets in Resources */ = {isa = PBXBuildFile; fileRef = 9B4BF0361F0139CD00070562 /* Assets.xcassets */; };
		9B4BF03A1F0139CD00070562 /* LaunchScreen.storyboard in Resources */ = {isa = PBXBuildFile; fileRef = 9B4BF0381F0139CD00070562 /* LaunchScreen.storyboard */; };
		9B4BF0451F0139CD00070562 /* voiceTestTests.swift in Sources */ = {isa = PBXBuildFile; fileRef = 9B4BF0441F0139CD00070562 /* voiceTestTests.swift */; };
		9B4BF0501F0139CD00070562 /* voiceTestUITests.swift in Sources */ = {isa = PBXBuildFile; fileRef = 9B4BF04F1F0139CD00070562 /* voiceTestUITests.swift */; };
		9B4BF05F1F013B8000070562 /* AVFoundation.framework in Frameworks */ = {isa = PBXBuildFile; fileRef = 9B4BF05E1F013B8000070562 /* AVFoundation.framework */; };
/* End PBXBuildFile section */

/* Begin PBXContainerItemProxy section */
		9B4BF0411F0139CD00070562 /* PBXContainerItemProxy */ = {
			isa = PBXContainerItemProxy;
			containerPortal = 9B4BF0241F0139CD00070562 /* Project object */;
			proxyType = 1;
			remoteGlobalIDString = 9B4BF02B1F0139CD00070562;
			remoteInfo = voiceTest;
		};
		9B4BF04C1F0139CD00070562 /* PBXContainerItemProxy */ = {
			isa = PBXContainerItemProxy;
			containerPortal = 9B4BF0241F0139CD00070562 /* Project object */;
			proxyType = 1;
			remoteGlobalIDString = 9B4BF02B1F0139CD00070562;
			remoteInfo = voiceTest;
		};
/* End PBXContainerItemProxy section */

/* Begin PBXFileReference section */
		9B4BF02C1F0139CD00070562 /* voiceTest.app */ = {isa = PBXFileReference; explicitFileType = wrapper.application; includeInIndex = 0; path = voiceTest.app; sourceTree = BUILT_PRODUCTS_DIR; };
		9B4BF02F1F0139CD00070562 /* AppDelegate.swift */ = {isa = PBXFileReference; lastKnownFileType = sourcecode.swift; path = AppDelegate.swift; sourceTree = "<group>"; };
		9B4BF0311F0139CD00070562 /* ViewController.swift */ = {isa = PBXFileReference; lastKnownFileType = sourcecode.swift; path = ViewController.swift; sourceTree = "<group>"; };
		9B4BF0341F0139CD00070562 /* Base */ = {isa = PBXFileReference; lastKnownFileType = file.storyboard; name = Base; path = Base.lproj/Main.storyboard; sourceTree = "<group>"; };
		9B4BF0361F0139CD00070562 /* Assets.xcassets */ = {isa = PBXFileReference; lastKnownFileType = folder.assetcatalog; path = Assets.xcassets; sourceTree = "<group>"; };
		9B4BF0391F0139CD00070562 /* Base */ = {isa = PBXFileReference; lastKnownFileType = file.storyboard; name = Base; path = Base.lproj/LaunchScreen.storyboard; sourceTree = "<group>"; };
		9B4BF03B1F0139CD00070562 /* Info.plist */ = {isa = PBXFileReference; lastKnownFileType = text.plist.xml; path = Info.plist; sourceTree = "<group>"; };
		9B4BF0401F0139CD00070562 /* voiceTestTests.xctest */ = {isa = PBXFileReference; explicitFileType = wrapper.cfbundle; includeInIndex = 0; path = voiceTestTests.xctest; sourceTree = BUILT_PRODUCTS_DIR; };
		9B4BF0441F0139CD00070562 /* voiceTestTests.swift */ = {isa = PBXFileReference; lastKnownFileType = sourcecode.swift; path = voiceTestTests.swift; sourceTree = "<group>"; };
		9B4BF0461F0139CD00070562 /* Info.plist */ = {isa = PBXFileReference; lastKnownFileType = text.plist.xml; path = Info.plist; sourceTree = "<group>"; };
		9B4BF04B1F0139CD00070562 /* voiceTestUITests.xctest */ = {isa = PBXFileReference; explicitFileType = wrapper.cfbundle; includeInIndex = 0; path = voiceTestUITests.xctest; sourceTree = BUILT_PRODUCTS_DIR; };
		9B4BF04F1F0139CD00070562 /* voiceTestUITests.swift */ = {isa = PBXFileReference; lastKnownFileType = sourcecode.swift; path = voiceTestUITests.swift; sourceTree = "<group>"; };
		9B4BF0511F0139CD00070562 /* Info.plist */ = {isa = PBXFileReference; lastKnownFileType = text.plist.xml; path = Info.plist; sourceTree = "<group>"; };
		9B4BF05E1F013B8000070562 /* AVFoundation.framework */ = {isa = PBXFileReference; lastKnownFileType = wrapper.framework; name = AVFoundation.framework; path = System/Library/Frameworks/AVFoundation.framework; sourceTree = SDKROOT; };
/* End PBXFileReference section */

/* Begin PBXFrameworksBuildPhase section */
		9B4BF0291F0139CD00070562 /* Frameworks */ = {
			isa = PBXFrameworksBuildPhase;
			buildActionMask = 2147483647;
			files = (
				9B4BF05F1F013B8000070562 /* AVFoundation.framework in Frameworks */,
			);
			runOnlyForDeploymentPostprocessing = 0;
		};
		9B4BF03D1F0139CD00070562 /* Frameworks */ = {
			isa = PBXFrameworksBuildPhase;
			buildActionMask = 2147483647;
			files = (
			);
			runOnlyForDeploymentPostprocessing = 0;
		};
		9B4BF0481F0139CD00070562 /* Frameworks */ = {
			isa = PBXFrameworksBuildPhase;
			buildActionMask = 2147483647;
			files = (
			);
			runOnlyForDeploymentPostprocessing = 0;
		};
/* End PBXFrameworksBuildPhase section */

/* Begin PBXGroup section */
		9B4BF0231F0139CD00070562 = {
			isa = PBXGroup;
			children = (
				9B4BF02E1F0139CD00070562 /* voiceTest */,
				9B4BF0431F0139CD00070562 /* voiceTestTests */,
				9B4BF04E1F0139CD00070562 /* voiceTestUITests */,
				9B4BF02D1F0139CD00070562 /* Products */,
				9B4BF05D1F013B8000070562 /* Frameworks */,
			);
			sourceTree = "<group>";
		};
		9B4BF02D1F0139CD00070562 /* Products */ = {
			isa = PBXGroup;
			children = (
				9B4BF02C1F0139CD00070562 /* voiceTest.app */,
				9B4BF0401F0139CD00070562 /* voiceTestTests.xctest */,
				9B4BF04B1F0139CD00070562 /* voiceTestUITests.xctest */,
			);
			name = Products;
			sourceTree = "<group>";
		};
		9B4BF02E1F0139CD00070562 /* voiceTest */ = {
			isa = PBXGroup;
			children = (
				9B4BF02F1F0139CD00070562 /* AppDelegate.swift */,
				9B4BF0311F0139CD00070562 /* ViewController.swift */,
				9B4BF0331F0139CD00070562 /* Main.storyboard */,
				9B4BF0361F0139CD00070562 /* Assets.xcassets */,
				9B4BF0381F0139CD00070562 /* LaunchScreen.storyboard */,
				9B4BF03B1F0139CD00070562 /* Info.plist */,
			);
			path = voiceTest;
			sourceTree = "<group>";
		};
		9B4BF0431F0139CD00070562 /* voiceTestTests */ = {
			isa = PBXGroup;
			children = (
				9B4BF0441F0139CD00070562 /* voiceTestTests.swift */,
				9B4BF0461F0139CD00070562 /* Info.plist */,
			);
			path = voiceTestTests;
			sourceTree = "<group>";
		};
		9B4BF04E1F0139CD00070562 /* voiceTestUITests */ = {
			isa = PBXGroup;
			children = (
				9B4BF04F1F0139CD00070562 /* voiceTestUITests.swift */,
				9B4BF0511F0139CD00070562 /* Info.plist */,
			);
			path = voiceTestUITests;
			sourceTree = "<group>";
		};
		9B4BF05D1F013B8000070562 /* Frameworks */ = {
			isa = PBXGroup;
			children = (
				9B4BF05E1F013B8000070562 /* AVFoundation.framework */,
			);
			name = Frameworks;
			sourceTree = "<group>";
		};
/* End PBXGroup section */

/* Begin PBXNativeTarget section */
		9B4BF02B1F0139CD00070562 /* voiceTest */ = {
			isa = PBXNativeTarget;
			buildConfigurationList = 9B4BF0541F0139CD00070562 /* Build configuration list for PBXNativeTarget "voiceTest" */;
			buildPhases = (
				9B4BF0281F0139CD00070562 /* Sources */,
				9B4BF0291F0139CD00070562 /* Frameworks */,
				9B4BF02A1F0139CD00070562 /* Resources */,
			);
			buildRules = (
			);
			dependencies = (
			);
			name = voiceTest;
			productName = voiceTest;
			productReference = 9B4BF02C1F0139CD00070562 /* voiceTest.app */;
			productType = "com.apple.product-type.application";
		};
		9B4BF03F1F0139CD00070562 /* voiceTestTests */ = {
			isa = PBXNativeTarget;
			buildConfigurationList = 9B4BF0571F0139CD00070562 /* Build configuration list for PBXNativeTarget "voiceTestTests" */;
			buildPhases = (
				9B4BF03C1F0139CD00070562 /* Sources */,
				9B4BF03D1F0139CD00070562 /* Frameworks */,
				9B4BF03E1F0139CD00070562 /* Resources */,
			);
			buildRules = (
			);
			dependencies = (
				9B4BF0421F0139CD00070562 /* PBXTargetDependency */,
			);
			name = voiceTestTests;
			productName = voiceTestTests;
			productReference = 9B4BF0401F0139CD00070562 /* voiceTestTests.xctest */;
			productType = "com.apple.product-type.bundle.unit-test";
		};
		9B4BF04A1F0139CD00070562 /* voiceTestUITests */ = {
			isa = PBXNativeTarget;
			buildConfigurationList = 9B4BF05A1F0139CD00070562 /* Build configuration list for PBXNativeTarget "voiceTestUITests" */;
			buildPhases = (
				9B4BF0471F0139CD00070562 /* Sources */,
				9B4BF0481F0139CD00070562 /* Frameworks */,
				9B4BF0491F0139CD00070562 /* Resources */,
			);
			buildRules = (
			);
			dependencies = (
				9B4BF04D1F0139CD00070562 /* PBXTargetDependency */,
			);
			name = voiceTestUITests;
			productName = voiceTestUITests;
			productReference = 9B4BF04B1F0139CD00070562 /* voiceTestUITests.xctest */;
			productType = "com.apple.product-type.bundle.ui-testing";
		};
/* End PBXNativeTarget section */

/* Begin PBXProject section */
		9B4BF0241F0139CD00070562 /* Project object */ = {
			isa = PBXProject;
			attributes = {
				LastSwiftUpdateCheck = 0820;
				LastUpgradeCheck = 0820;
				ORGANIZATIONNAME = MacStudent;
				TargetAttributes = {
					9B4BF02B1F0139CD00070562 = {
						CreatedOnToolsVersion = 8.2.1;
						ProvisioningStyle = Automatic;
					};
					9B4BF03F1F0139CD00070562 = {
						CreatedOnToolsVersion = 8.2.1;
						ProvisioningStyle = Automatic;
						TestTargetID = 9B4BF02B1F0139CD00070562;
					};
					9B4BF04A1F0139CD00070562 = {
						CreatedOnToolsVersion = 8.2.1;
						ProvisioningStyle = Automatic;
						TestTargetID = 9B4BF02B1F0139CD00070562;
					};
				};
			};
			buildConfigurationList = 9B4BF0271F0139CD00070562 /* Build configuration list for PBXProject "voiceTest" */;
			compatibilityVersion = "Xcode 3.2";
			developmentRegion = English;
			hasScannedForEncodings = 0;
			knownRegions = (
				en,
				Base,
			);
			mainGroup = 9B4BF0231F0139CD00070562;
			productRefGroup = 9B4BF02D1F0139CD00070562 /* Products */;
			projectDirPath = "";
			projectRoot = "";
			targets = (
				9B4BF02B1F0139CD00070562 /* voiceTest */,
				9B4BF03F1F0139CD00070562 /* voiceTestTests */,
				9B4BF04A1F0139CD00070562 /* voiceTestUITests */,
			);
		};
/* End PBXProject section */

/* Begin PBXResourcesBuildPhase section */
		9B4BF02A1F0139CD00070562 /* Resources */ = {
			isa = PBXResourcesBuildPhase;
			buildActionMask = 2147483647;
			files = (
				9B4BF03A1F0139CD00070562 /* LaunchScreen.storyboard in Resources */,
				9B4BF0371F0139CD00070562 /* Assets.xcassets in Resources */,
				9B4BF0351F0139CD00070562 /* Main.storyboard in Resources */,
			);
			runOnlyForDeploymentPostprocessing = 0;
		};
		9B4BF03E1F0139CD00070562 /* Resources */ = {
			isa = PBXResourcesBuildPhase;
			buildActionMask = 2147483647;
			files = (
			);
			runOnlyForDeploymentPostprocessing = 0;
		};
		9B4BF0491F0139CD00070562 /* Resources */ = {
			isa = PBXResourcesBuildPhase;
			buildActionMask = 2147483647;
			files = (
			);
			runOnlyForDeploymentPostprocessing = 0;
		};
/* End PBXResourcesBuildPhase section */

/* Begin PBXSourcesBuildPhase section */
		9B4BF0281F0139CD00070562 /* Sources */ = {
			isa = PBXSourcesBuildPhase;
			buildActionMask = 2147483647;
			files = (
				9B4BF0321F0139CD00070562 /* ViewController.swift in Sources */,
				9B4BF0301F0139CD00070562 /* AppDelegate.swift in Sources */,
			);
			runOnlyForDeploymentPostprocessing = 0;
		};
		9B4BF03C1F0139CD00070562 /* Sources */ = {
			isa = PBXSourcesBuildPhase;
			buildActionMask = 2147483647;
			files = (
				9B4BF0451F0139CD00070562 /* voiceTestTests.swift in Sources */,
			);
			runOnlyForDeploymentPostprocessing = 0;
		};
		9B4BF0471F0139CD00070562 /* Sources */ = {
			isa = PBXSourcesBuildPhase;
			buildActionMask = 2147483647;
			files = (
				9B4BF0501F0139CD00070562 /* voiceTestUITests.swift in Sources */,
			);
			runOnlyForDeploymentPostprocessing = 0;
		};
/* End PBXSourcesBuildPhase section */

/* Begin PBXTargetDependency section */
		9B4BF0421F0139CD00070562 /* PBXTargetDependency */ = {
			isa = PBXTargetDependency;
			target = 9B4BF02B1F0139CD00070562 /* voiceTest */;
			targetProxy = 9B4BF0411F0139CD00070562 /* PBXContainerItemProxy */;
		};
		9B4BF04D1F0139CD00070562 /* PBXTargetDependency */ = {
			isa = PBXTargetDependency;
			target = 9B4BF02B1F0139CD00070562 /* voiceTest */;
			targetProxy = 9B4BF04C1F0139CD00070562 /* PBXContainerItemProxy */;
		};
/* End PBXTargetDependency section */

/* Begin PBXVariantGroup section */
		9B4BF0331F0139CD00070562 /* Main.storyboard */ = {
			isa = PBXVariantGroup;
			children = (
				9B4BF0341F0139CD00070562 /* Base */,
			);
			name = Main.storyboard;
			sourceTree = "<group>";
		};
		9B4BF0381F0139CD00070562 /* LaunchScreen.storyboard */ = {
			isa = PBXVariantGroup;
			children = (
				9B4BF0391F0139CD00070562 /* Base */,
			);
			name = LaunchScreen.storyboard;
			sourceTree = "<group>";
		};
/* End PBXVariantGroup section */

/* Begin XCBuildConfiguration section */
		9B4BF0521F0139CD00070562 /* Debug */ = {
			isa = XCBuildConfiguration;
			buildSettings = {
				ALWAYS_SEARCH_USER_PATHS = NO;
				CLANG_ANALYZER_NONNULL = YES;
				CLANG_CXX_LANGUAGE_STANDARD = "gnu++0x";
				CLANG_CXX_LIBRARY = "libc++";
				CLANG_ENABLE_MODULES = YES;
				CLANG_ENABLE_OBJC_ARC = YES;
				CLANG_WARN_BOOL_CONVERSION = YES;
				CLANG_WARN_CONSTANT_CONVERSION = YES;
				CLANG_WARN_DIRECT_OBJC_ISA_USAGE = YES_ERROR;
				CLANG_WARN_DOCUMENTATION_COMMENTS = YES;
				CLANG_WARN_EMPTY_BODY = YES;
				CLANG_WARN_ENUM_CONVERSION = YES;
				CLANG_WARN_INFINITE_RECURSION = YES;
				CLANG_WARN_INT_CONVERSION = YES;
				CLANG_WARN_OBJC_ROOT_CLASS = YES_ERROR;
				CLANG_WARN_SUSPICIOUS_MOVE = YES;
				CLANG_WARN_UNREACHABLE_CODE = YES;
				CLANG_WARN__DUPLICATE_METHOD_MATCH = YES;
				"CODE_SIGN_IDENTITY[sdk=iphoneos*]" = "iPhone Developer";
				COPY_PHASE_STRIP = NO;
				DEBUG_INFORMATION_FORMAT = dwarf;
				ENABLE_STRICT_OBJC_MSGSEND = YES;
				ENABLE_TESTABILITY = YES;
				GCC_C_LANGUAGE_STANDARD = gnu99;
				GCC_DYNAMIC_NO_PIC = NO;
				GCC_NO_COMMON_BLOCKS = YES;
				GCC_OPTIMIZATION_LEVEL = 0;
				GCC_PREPROCESSOR_DEFINITIONS = (
					"DEBUG=1",
					"$(inherited)",
				);
				GCC_WARN_64_TO_32_BIT_CONVERSION = YES;
				GCC_WARN_ABOUT_RETURN_TYPE = YES_ERROR;
				GCC_WARN_UNDECLARED_SELECTOR = YES;
				GCC_WARN_UNINITIALIZED_AUTOS = YES_AGGRESSIVE;
				GCC_WARN_UNUSED_FUNCTION = YES;
				GCC_WARN_UNUSED_VARIABLE = YES;
				IPHONEOS_DEPLOYMENT_TARGET = 10.2;
				MTL_ENABLE_DEBUG_INFO = YES;
				ONLY_ACTIVE_ARCH = YES;
				SDKROOT = iphoneos;
				SWIFT_ACTIVE_COMPILATION_CONDITIONS = DEBUG;
				SWIFT_OPTIMIZATION_LEVEL = "-Onone";
				TARGETED_DEVICE_FAMILY = "1,2";
			};
			name = Debug;
		};
		9B4BF0531F0139CD00070562 /* Release */ = {
			isa = XCBuildConfiguration;
			buildSettings = {
				ALWAYS_SEARCH_USER_PATHS = NO;
				CLANG_ANALYZER_NONNULL = YES;
				CLANG_CXX_LANGUAGE_STANDARD = "gnu++0x";
				CLANG_CXX_LIBRARY = "libc++";
				CLANG_ENABLE_MODULES = YES;
				CLANG_ENABLE_OBJC_ARC = YES;
				CLANG_WARN_BOOL_CONVERSION = YES;
				CLANG_WARN_CONSTANT_CONVERSION = YES;
				CLANG_WARN_DIRECT_OBJC_ISA_USAGE = YES_ERROR;
				CLANG_WARN_DOCUMENTATION_COMMENTS = YES;
				CLANG_WARN_EMPTY_BODY = YES;
				CLANG_WARN_ENUM_CONVERSION = YES;
				CLANG_WARN_INFINITE_RECURSION = YES;
				CLANG_WARN_INT_CONVERSION = YES;
				CLANG_WARN_OBJC_ROOT_CLASS = YES_ERROR;
				CLANG_WARN_SUSPICIOUS_MOVE = YES;
				CLANG_WARN_UNREACHABLE_CODE = YES;
				CLANG_WARN__DUPLICATE_METHOD_MATCH = YES;
				"CODE_SIGN_IDENTITY[sdk=iphoneos*]" = "iPhone Developer";
				COPY_PHASE_STRIP = NO;
				DEBUG_INFORMATION_FORMAT = "dwarf-with-dsym";
				ENABLE_NS_ASSERTIONS = NO;
				ENABLE_STRICT_OBJC_MSGSEND = YES;
				GCC_C_LANGUAGE_STANDARD = gnu99;
				GCC_NO_COMMON_BLOCKS = YES;
				GCC_WARN_64_TO_32_BIT_CONVERSION = YES;
				GCC_WARN_ABOUT_RETURN_TYPE = YES_ERROR;
				GCC_WARN_UNDECLARED_SELECTOR = YES;
				GCC_WARN_UNINITIALIZED_AUTOS = YES_AGGRESSIVE;
				GCC_WARN_UNUSED_FUNCTION = YES;
				GCC_WARN_UNUSED_VARIABLE = YES;
				IPHONEOS_DEPLOYMENT_TARGET = 10.2;
				MTL_ENABLE_DEBUG_INFO = NO;
				SDKROOT = iphoneos;
				SWIFT_OPTIMIZATION_LEVEL = "-Owholemodule";
				TARGETED_DEVICE_FAMILY = "1,2";
				VALIDATE_PRODUCT = YES;
			};
			name = Release;
		};
		9B4BF0551F0139CD00070562 /* Debug */ = {
			isa = XCBuildConfiguration;
			buildSettings = {
				ASSETCATALOG_COMPILER_APPICON_NAME = AppIcon;
				INFOPLIST_FILE = voiceTest/Info.plist;
				LD_RUNPATH_SEARCH_PATHS = "$(inherited) @executable_path/Frameworks";
				PRODUCT_BUNDLE_IDENTIFIER = CestarCollege.voiceTest;
				PRODUCT_NAME = "$(TARGET_NAME)";
				SWIFT_VERSION = 3.0;
			};
			name = Debug;
		};
		9B4BF0561F0139CD00070562 /* Release */ = {
			isa = XCBuildConfiguration;
			buildSettings = {
				ASSETCATALOG_COMPILER_APPICON_NAME = AppIcon;
				INFOPLIST_FILE = voiceTest/Info.plist;
				LD_RUNPATH_SEARCH_PATHS = "$(inherited) @executable_path/Frameworks";
				PRODUCT_BUNDLE_IDENTIFIER = CestarCollege.voiceTest;
				PRODUCT_NAME = "$(TARGET_NAME)";
				SWIFT_VERSION = 3.0;
			};
			name = Release;
		};
		9B4BF0581F0139CD00070562 /* Debug */ = {
			isa = XCBuildConfiguration;
			buildSettings = {
				ALWAYS_EMBED_SWIFT_STANDARD_LIBRARIES = YES;
				BUNDLE_LOADER = "$(TEST_HOST)";
				INFOPLIST_FILE = voiceTestTests/Info.plist;
				LD_RUNPATH_SEARCH_PATHS = "$(inherited) @executable_path/Frameworks @loader_path/Frameworks";
				PRODUCT_BUNDLE_IDENTIFIER = CestarCollege.voiceTestTests;
				PRODUCT_NAME = "$(TARGET_NAME)";
				SWIFT_VERSION = 3.0;
				TEST_HOST = "$(BUILT_PRODUCTS_DIR)/voiceTest.app/voiceTest";
			};
			name = Debug;
		};
		9B4BF0591F0139CD00070562 /* Release */ = {
			isa = XCBuildConfiguration;
			buildSettings = {
				ALWAYS_EMBED_SWIFT_STANDARD_LIBRARIES = YES;
				BUNDLE_LOADER = "$(TEST_HOST)";
				INFOPLIST_FILE = voiceTestTests/Info.plist;
				LD_RUNPATH_SEARCH_PATHS = "$(inherited) @executable_path/Frameworks @loader_path/Frameworks";
				PRODUCT_BUNDLE_IDENTIFIER = CestarCollege.voiceTestTests;
				PRODUCT_NAME = "$(TARGET_NAME)";
				SWIFT_VERSION = 3.0;
				TEST_HOST = "$(BUILT_PRODUCTS_DIR)/voiceTest.app/voiceTest";
			};
			name = Release;
		};
		9B4BF05B1F0139CD00070562 /* Debug */ = {
			isa = XCBuildConfiguration;
			buildSettings = {
				ALWAYS_EMBED_SWIFT_STANDARD_LIBRARIES = YES;
				INFOPLIST_FILE = voiceTestUITests/Info.plist;
				LD_RUNPATH_SEARCH_PATHS = "$(inherited) @executable_path/Frameworks @loader_path/Frameworks";
				PRODUCT_BUNDLE_IDENTIFIER = CestarCollege.voiceTestUITests;
				PRODUCT_NAME = "$(TARGET_NAME)";
				SWIFT_VERSION = 3.0;
				TEST_TARGET_NAME = voiceTest;
			};
			name = Debug;
		};
		9B4BF05C1F0139CD00070562 /* Release */ = {
			isa = XCBuildConfiguration;
			buildSettings = {
				ALWAYS_EMBED_SWIFT_STANDARD_LIBRARIES = YES;
				INFOPLIST_FILE = voiceTestUITests/Info.plist;
				LD_RUNPATH_SEARCH_PATHS = "$(inherited) @executable_path/Frameworks @loader_path/Frameworks";
				PRODUCT_BUNDLE_IDENTIFIER = CestarCollege.voiceTestUITests;
				PRODUCT_NAME = "$(TARGET_NAME)";
				SWIFT_VERSION = 3.0;
				TEST_TARGET_NAME = voiceTest;
			};
			name = Release;
		};
/* End XCBuildConfiguration section */

/* Begin XCConfigurationList section */
		9B4BF0271F0139CD00070562 /* Build configuration list for PBXProject "voiceTest" */ = {
			isa = XCConfigurationList;
			buildConfigurations = (
				9B4BF0521F0139CD00070562 /* Debug */,
				9B4BF0531F0139CD00070562 /* Release */,
			);
			defaultConfigurationIsVisible = 0;
			defaultConfigurationName = Release;
		};
		9B4BF0541F0139CD00070562 /* Build configuration list for PBXNativeTarget "voiceTest" */ = {
			isa = XCConfigurationList;
			buildConfigurations = (
				9B4BF0551F0139CD00070562 /* Debug */,
				9B4BF0561F0139CD00070562 /* Release */,
			);
			defaultConfigurationIsVisible = 0;
		};
		9B4BF0571F0139CD00070562 /* Build configuration list for PBXNativeTarget "voiceTestTests" */ = {
			isa = XCConfigurationList;
			buildConfigurations = (
				9B4BF0581F0139CD00070562 /* Debug */,
				9B4BF0591F0139CD00070562 /* Release */,
			);
			defaultConfigurationIsVisible = 0;
		};
		9B4BF05A1F0139CD00070562 /* Build configuration list for PBXNativeTarget "voiceTestUITests" */ = {
			isa = XCConfigurationList;
			buildConfigurations = (
				9B4BF05B1F0139CD00070562 /* Debug */,
				9B4BF05C1F0139CD00070562 /* Release */,
			);
			defaultConfigurationIsVisible = 0;
		};
/* End XCConfigurationList section */
	};
	rootObject = 9B4BF0241F0139CD00070562 /* Project object */;
}
